
Microsoft Visual Studio Solution File, Format Version 12.00
# Visual Studio Version 16
VisualStudioVersion = 16.0.31911.196
MinimumVisualStudioVersion = 10.0.40219.1
Project("{FAE04EC0-301F-11D3-BF4B-00C04F79EFBC}") = "ChatForClient", "ChatForClient\ChatForClient.csproj", "{E34E4476-16BC-4B47-980F-405FD27D9163}"
EndProject
Global
	GlobalSection(SolutionConfigurationPlatforms) = preSolution
		Debug|Any CPU = Debug|Any CPU
		Release|Any CPU = Release|Any CPU
	EndGlobalSection
	GlobalSection(ProjectConfigurationPlatforms) = postSolution
		{E34E4476-16BC-4B47-980F-405FD27D9163}.Debug|Any CPU.ActiveCfg = Debug|Any CPU
		{E34E4476-16BC-4B47-980F-405FD27D9163}.Debug|Any CPU.Build.0 = Debug|Any CPU
		{E34E4476-16BC-4B47-980F-405FD27D9163}.Release|Any CPU.ActiveCfg = Release|Any CPU
		{E34E4476-16BC-4B47-980F-405FD27D9163}.Release|Any CPU.Build.0 = Release|Any CPU
	EndGlobalSection
	GlobalSection(SolutionProperties) = preSolution
		HideSolutionNode = FALSE
	EndGlobalSection
	GlobalSection(ExtensibilityGlobals) = postSolution
		SolutionGuid = {846E9BDB-0258-48DE-ADDC-3651EB0AB60C}
	EndGlobalSection
EndGlobal
